
Microsoft Visual Studio Solution File, Format Version 12.00
# Visual Studio Version 16
VisualStudioVersion = 16.0.32630.194
MinimumVisualStudioVersion = 10.0.40219.1
Project("{888888A0-9F3D-457C-B088-3A5042F75D52}") = "Find Angle MBC", "Find Angle MBC\Find Angle MBC.pyproj", "{F4C93625-0899-4283-A027-9A9023778840}"
EndProject
Global
	GlobalSection(SolutionConfigurationPlatforms) = preSolution
		Debug|Any CPU = Debug|Any CPU
		Release|Any CPU = Release|Any CPU
	EndGlobalSection
	GlobalSection(ProjectConfigurationPlatforms) = postSolution
		{F4C93625-0899-4283-A027-9A9023778840}.Debug|Any CPU.ActiveCfg = Debug|Any CPU
		{F4C93625-0899-4283-A027-9A9023778840}.Release|Any CPU.ActiveCfg = Release|Any CPU
	EndGlobalSection
	GlobalSection(SolutionProperties) = preSolution
		HideSolutionNode = FALSE
	EndGlobalSection
	GlobalSection(ExtensibilityGlobals) = postSolution
		SolutionGuid = {3A93C73E-D017-4777-977A-0C7C04358358}
	EndGlobalSection
EndGlobal
